// !$*UTF8*$!
{
	archiveVersion = 1;
	classes = {
	};
	objectVersion = 46;
	objects = {

/* Begin PBXBuildFile section */
		0427908D0470D1574E4237A3 /* Pods_EtsyTools.framework in Frameworks */ = {isa = PBXBuildFile; fileRef = 1D4D2AA2F5C7B3C8F769BABE /* Pods_EtsyTools.framework */; };
		4053D7301EC9562800FB1DBF /* EtsyApiManager.swift in Sources */ = {isa = PBXBuildFile; fileRef = 4053D72F1EC9562800FB1DBF /* EtsyApiManager.swift */; };
		4053D7321EC9573800FB1DBF /* ListingsRouter.swift in Sources */ = {isa = PBXBuildFile; fileRef = 4053D7311EC9573800FB1DBF /* ListingsRouter.swift */; };
		4053D7361EC9584800FB1DBF /* Item.swift in Sources */ = {isa = PBXBuildFile; fileRef = 4053D7351EC9584800FB1DBF /* Item.swift */; };
		4053D7381EC95F5400FB1DBF /* Image.swift in Sources */ = {isa = PBXBuildFile; fileRef = 4053D7371EC95F5400FB1DBF /* Image.swift */; };
		4053D73B1EC9683E00FB1DBF /* String+EncodedString.swift in Sources */ = {isa = PBXBuildFile; fileRef = 4053D73A1EC9683E00FB1DBF /* String+EncodedString.swift */; };
		4053D73D1EC9746800FB1DBF /* ItemTableViewCell.swift in Sources */ = {isa = PBXBuildFile; fileRef = 4053D73C1EC9746800FB1DBF /* ItemTableViewCell.swift */; };
		4053D73F1EC9824400FB1DBF /* UIImageView+imageWithURL.swift in Sources */ = {isa = PBXBuildFile; fileRef = 4053D73E1EC9824400FB1DBF /* UIImageView+imageWithURL.swift */; };
		4053D7431EC987FE00FB1DBF /* CurrencyRouter.swift in Sources */ = {isa = PBXBuildFile; fileRef = 4053D7421EC987FE00FB1DBF /* CurrencyRouter.swift */; };
		4053D7451EC98A1B00FB1DBF /* Currency.swift in Sources */ = {isa = PBXBuildFile; fileRef = 4053D7441EC98A1B00FB1DBF /* Currency.swift */; };
		40D6BFE01EC94F6600B78643 /* AppDelegate.swift in Sources */ = {isa = PBXBuildFile; fileRef = 40D6BFDF1EC94F6600B78643 /* AppDelegate.swift */; };
		40D6BFE21EC94F6600B78643 /* ViewController.swift in Sources */ = {isa = PBXBuildFile; fileRef = 40D6BFE11EC94F6600B78643 /* ViewController.swift */; };
		40D6BFE51EC94F6700B78643 /* Main.storyboard in Resources */ = {isa = PBXBuildFile; fileRef = 40D6BFE31EC94F6700B78643 /* Main.storyboard */; };
		40D6BFE71EC94F6700B78643 /* Assets.xcassets in Resources */ = {isa = PBXBuildFile; fileRef = 40D6BFE61EC94F6700B78643 /* Assets.xcassets */; };
		40D6BFEA1EC94F6700B78643 /* LaunchScreen.storyboard in Resources */ = {isa = PBXBuildFile; fileRef = 40D6BFE81EC94F6700B78643 /* LaunchScreen.storyboard */; };
/* End PBXBuildFile section */

/* Begin PBXFileReference section */
		1D4D2AA2F5C7B3C8F769BABE /* Pods_EtsyTools.framework */ = {isa = PBXFileReference; explicitFileType = wrapper.framework; includeInIndex = 0; path = Pods_EtsyTools.framework; sourceTree = BUILT_PRODUCTS_DIR; };
		4053D72F1EC9562800FB1DBF /* EtsyApiManager.swift */ = {isa = PBXFileReference; fileEncoding = 4; lastKnownFileType = sourcecode.swift; path = EtsyApiManager.swift; sourceTree = "<group>"; };
		4053D7311EC9573800FB1DBF /* ListingsRouter.swift */ = {isa = PBXFileReference; fileEncoding = 4; lastKnownFileType = sourcecode.swift; path = ListingsRouter.swift; sourceTree = "<group>"; };
		4053D7351EC9584800FB1DBF /* Item.swift */ = {isa = PBXFileReference; fileEncoding = 4; lastKnownFileType = sourcecode.swift; path = Item.swift; sourceTree = "<group>"; };
		4053D7371EC95F5400FB1DBF /* Image.swift */ = {isa = PBXFileReference; fileEncoding = 4; lastKnownFileType = sourcecode.swift; path = Image.swift; sourceTree = "<group>"; };
		4053D73A1EC9683E00FB1DBF /* String+EncodedString.swift */ = {isa = PBXFileReference; fileEncoding = 4; lastKnownFileType = sourcecode.swift; path = "String+EncodedString.swift"; sourceTree = "<group>"; };
		4053D73C1EC9746800FB1DBF /* ItemTableViewCell.swift */ = {isa = PBXFileReference; fileEncoding = 4; lastKnownFileType = sourcecode.swift; path = ItemTableViewCell.swift; sourceTree = "<group>"; };
		4053D73E1EC9824400FB1DBF /* UIImageView+imageWithURL.swift */ = {isa = PBXFileReference; fileEncoding = 4; lastKnownFileType = sourcecode.swift; path = "UIImageView+imageWithURL.swift"; sourceTree = "<group>"; };
		4053D7421EC987FE00FB1DBF /* CurrencyRouter.swift */ = {isa = PBXFileReference; fileEncoding = 4; lastKnownFileType = sourcecode.swift; path = CurrencyRouter.swift; sourceTree = "<group>"; };
		4053D7441EC98A1B00FB1DBF /* Currency.swift */ = {isa = PBXFileReference; fileEncoding = 4; lastKnownFileType = sourcecode.swift; path = Currency.swift; sourceTree = "<group>"; };
		40D6BFDC1EC94F6600B78643 /* EtsyTools.app */ = {isa = PBXFileReference; explicitFileType = wrapper.application; includeInIndex = 0; path = EtsyTools.app; sourceTree = BUILT_PRODUCTS_DIR; };
		40D6BFDF1EC94F6600B78643 /* AppDelegate.swift */ = {isa = PBXFileReference; lastKnownFileType = sourcecode.swift; path = AppDelegate.swift; sourceTree = "<group>"; };
		40D6BFE11EC94F6600B78643 /* ViewController.swift */ = {isa = PBXFileReference; lastKnownFileType = sourcecode.swift; path = ViewController.swift; sourceTree = "<group>"; };
		40D6BFE41EC94F6700B78643 /* Base */ = {isa = PBXFileReference; lastKnownFileType = file.storyboard; name = Base; path = Base.lproj/Main.storyboard; sourceTree = "<group>"; };
		40D6BFE61EC94F6700B78643 /* Assets.xcassets */ = {isa = PBXFileReference; lastKnownFileType = folder.assetcatalog; path = Assets.xcassets; sourceTree = "<group>"; };
		40D6BFE91EC94F6700B78643 /* Base */ = {isa = PBXFileReference; lastKnownFileType = file.storyboard; name = Base; path = Base.lproj/LaunchScreen.storyboard; sourceTree = "<group>"; };
		40D6BFEB1EC94F6700B78643 /* Info.plist */ = {isa = PBXFileReference; lastKnownFileType = text.plist.xml; path = Info.plist; sourceTree = "<group>"; };
		4EE1B6153E7FBAEE5DD9D5B9 /* Pods-EtsyTools.release.xcconfig */ = {isa = PBXFileReference; includeInIndex = 1; lastKnownFileType = text.xcconfig; name = "Pods-EtsyTools.release.xcconfig"; path = "Pods/Target Support Files/Pods-EtsyTools/Pods-EtsyTools.release.xcconfig"; sourceTree = "<group>"; };
		8019D67F1DF076B41CA5FE40 /* Pods-EtsyTools.debug.xcconfig */ = {isa = PBXFileReference; includeInIndex = 1; lastKnownFileType = text.xcconfig; name = "Pods-EtsyTools.debug.xcconfig"; path = "Pods/Target Support Files/Pods-EtsyTools/Pods-EtsyTools.debug.xcconfig"; sourceTree = "<group>"; };
/* End PBXFileReference section */

/* Begin PBXFrameworksBuildPhase section */
		40D6BFD91EC94F6600B78643 /* Frameworks */ = {
			isa = PBXFrameworksBuildPhase;
			buildActionMask = 2147483647;
			files = (
				0427908D0470D1574E4237A3 /* Pods_EtsyTools.framework in Frameworks */,
			);
			runOnlyForDeploymentPostprocessing = 0;
		};
/* End PBXFrameworksBuildPhase section */

/* Begin PBXGroup section */
		0D037808AAE84788E2119933 /* Frameworks */ = {
			isa = PBXGroup;
			children = (
				1D4D2AA2F5C7B3C8F769BABE /* Pods_EtsyTools.framework */,
			);
			name = Frameworks;
			sourceTree = "<group>";
		};
		12C4B00EFF795EBBE48BA473 /* Pods */ = {
			isa = PBXGroup;
			children = (
				8019D67F1DF076B41CA5FE40 /* Pods-EtsyTools.debug.xcconfig */,
				4EE1B6153E7FBAEE5DD9D5B9 /* Pods-EtsyTools.release.xcconfig */,
			);
			name = Pods;
			sourceTree = "<group>";
		};
		4053D7291EC955A400FB1DBF /* Controllers */ = {
			isa = PBXGroup;
			children = (
				40D6BFE11EC94F6600B78643 /* ViewController.swift */,
			);
			name = Controllers;
			sourceTree = "<group>";
		};
		4053D72A1EC955A500FB1DBF /* Views */ = {
			isa = PBXGroup;
			children = (
				4053D73C1EC9746800FB1DBF /* ItemTableViewCell.swift */,
			);
			name = Views;
			sourceTree = "<group>";
		};
		4053D72B1EC955A600FB1DBF /* Models */ = {
			isa = PBXGroup;
			children = (
				4053D7351EC9584800FB1DBF /* Item.swift */,
				4053D7371EC95F5400FB1DBF /* Image.swift */,
				4053D7441EC98A1B00FB1DBF /* Currency.swift */,
				4053D72C1EC955A900FB1DBF /* NetworkingLayer */,
			);
			name = Models;
			sourceTree = "<group>";
		};
		4053D72C1EC955A900FB1DBF /* NetworkingLayer */ = {
			isa = PBXGroup;
			children = (
				4053D72F1EC9562800FB1DBF /* EtsyApiManager.swift */,
				4053D72E1EC9560C00FB1DBF /* Routers */,
			);
			name = NetworkingLayer;
			sourceTree = "<group>";
		};
		4053D72D1EC955E100FB1DBF /* UI */ = {
			isa = PBXGroup;
			children = (
				40D6BFE31EC94F6700B78643 /* Main.storyboard */,
				40D6BFE61EC94F6700B78643 /* Assets.xcassets */,
				40D6BFE81EC94F6700B78643 /* LaunchScreen.storyboard */,
			);
			name = UI;
			sourceTree = "<group>";
		};
		4053D72E1EC9560C00FB1DBF /* Routers */ = {
			isa = PBXGroup;
			children = (
				4053D7311EC9573800FB1DBF /* ListingsRouter.swift */,
				4053D7421EC987FE00FB1DBF /* CurrencyRouter.swift */,
			);
			name = Routers;
			sourceTree = "<group>";
		};
		4053D7391EC9680500FB1DBF /* Extensions */ = {
			isa = PBXGroup;
			children = (
				4053D73A1EC9683E00FB1DBF /* String+EncodedString.swift */,
				4053D73E1EC9824400FB1DBF /* UIImageView+imageWithURL.swift */,
			);
			name = Extensions;
			sourceTree = "<group>";
		};
		40D6BFD31EC94F6600B78643 = {
			isa = PBXGroup;
			children = (
				40D6BFDE1EC94F6600B78643 /* EtsyTools */,
				40D6BFDD1EC94F6600B78643 /* Products */,
				12C4B00EFF795EBBE48BA473 /* Pods */,
				0D037808AAE84788E2119933 /* Frameworks */,
			);
			sourceTree = "<group>";
		};
		40D6BFDD1EC94F6600B78643 /* Products */ = {
			isa = PBXGroup;
			children = (
				40D6BFDC1EC94F6600B78643 /* EtsyTools.app */,
			);
			name = Products;
			sourceTree = "<group>";
		};
		40D6BFDE1EC94F6600B78643 /* EtsyTools */ = {
			isa = PBXGroup;
			children = (
				40D6BFEB1EC94F6700B78643 /* Info.plist */,
				40D6BFDF1EC94F6600B78643 /* AppDelegate.swift */,
				4053D72B1EC955A600FB1DBF /* Models */,
				4053D72A1EC955A500FB1DBF /* Views */,
				4053D7291EC955A400FB1DBF /* Controllers */,
				4053D7391EC9680500FB1DBF /* Extensions */,
				4053D72D1EC955E100FB1DBF /* UI */,
			);
			path = EtsyTools;
			sourceTree = "<group>";
		};
/* End PBXGroup section */

/* Begin PBXNativeTarget section */
		40D6BFDB1EC94F6600B78643 /* EtsyTools */ = {
			isa = PBXNativeTarget;
			buildConfigurationList = 40D6BFEE1EC94F6700B78643 /* Build configuration list for PBXNativeTarget "EtsyTools" */;
			buildPhases = (
				BEA6AB05D77351001AD41430 /* [CP] Check Pods Manifest.lock */,
				40D6BFD81EC94F6600B78643 /* Sources */,
				40D6BFD91EC94F6600B78643 /* Frameworks */,
				40D6BFDA1EC94F6600B78643 /* Resources */,
				31621AA4A4D031F6BC82EDD1 /* [CP] Embed Pods Frameworks */,
				DD595F91189ED889353DE0D7 /* [CP] Copy Pods Resources */,
			);
			buildRules = (
			);
			dependencies = (
			);
			name = EtsyTools;
			productName = EtsyTools;
			productReference = 40D6BFDC1EC94F6600B78643 /* EtsyTools.app */;
			productType = "com.apple.product-type.application";
		};
/* End PBXNativeTarget section */

/* Begin PBXProject section */
		40D6BFD41EC94F6600B78643 /* Project object */ = {
			isa = PBXProject;
			attributes = {
				LastSwiftUpdateCheck = 0830;
				LastUpgradeCheck = 0830;
				ORGANIZATIONNAME = "Jeff Eom";
				TargetAttributes = {
					40D6BFDB1EC94F6600B78643 = {
						CreatedOnToolsVersion = 8.3.2;
						DevelopmentTeam = RJSTWC7526;
						ProvisioningStyle = Automatic;
					};
				};
			};
			buildConfigurationList = 40D6BFD71EC94F6600B78643 /* Build configuration list for PBXProject "EtsyTools" */;
			compatibilityVersion = "Xcode 3.2";
			developmentRegion = English;
			hasScannedForEncodings = 0;
			knownRegions = (
				en,
				Base,
			);
			mainGroup = 40D6BFD31EC94F6600B78643;
			productRefGroup = 40D6BFDD1EC94F6600B78643 /* Products */;
			projectDirPath = "";
			projectRoot = "";
			targets = (
				40D6BFDB1EC94F6600B78643 /* EtsyTools */,
			);
		};
/* End PBXProject section */

/* Begin PBXResourcesBuildPhase section */
		40D6BFDA1EC94F6600B78643 /* Resources */ = {
			isa = PBXResourcesBuildPhase;
			buildActionMask = 2147483647;
			files = (
				40D6BFEA1EC94F6700B78643 /* LaunchScreen.storyboard in Resources */,
				40D6BFE71EC94F6700B78643 /* Assets.xcassets in Resources */,
				40D6BFE51EC94F6700B78643 /* Main.storyboard in Resources */,
			);
			runOnlyForDeploymentPostprocessing = 0;
		};
/* End PBXResourcesBuildPhase section */

/* Begin PBXShellScriptBuildPhase section */
		31621AA4A4D031F6BC82EDD1 /* [CP] Embed Pods Frameworks */ = {
			isa = PBXShellScriptBuildPhase;
			buildActionMask = 2147483647;
			files = (
			);
			inputPaths = (
			);
			name = "[CP] Embed Pods Frameworks";
			outputPaths = (
			);
			runOnlyForDeploymentPostprocessing = 0;
			shellPath = /bin/sh;
			shellScript = "\"${SRCROOT}/Pods/Target Support Files/Pods-EtsyTools/Pods-EtsyTools-frameworks.sh\"\n";
			showEnvVarsInLog = 0;
		};
		BEA6AB05D77351001AD41430 /* [CP] Check Pods Manifest.lock */ = {
			isa = PBXShellScriptBuildPhase;
			buildActionMask = 2147483647;
			files = (
			);
			inputPaths = (
			);
			name = "[CP] Check Pods Manifest.lock";
			outputPaths = (
			);
			runOnlyForDeploymentPostprocessing = 0;
			shellPath = /bin/sh;
			shellScript = "diff \"${PODS_ROOT}/../Podfile.lock\" \"${PODS_ROOT}/Manifest.lock\" > /dev/null\nif [ $? != 0 ] ; then\n    # print error to STDERR\n    echo \"error: The sandbox is not in sync with the Podfile.lock. Run 'pod install' or update your CocoaPods installation.\" >&2\n    exit 1\nfi\n";
			showEnvVarsInLog = 0;
		};
		DD595F91189ED889353DE0D7 /* [CP] Copy Pods Resources */ = {
			isa = PBXShellScriptBuildPhase;
			buildActionMask = 2147483647;
			files = (
			);
			inputPaths = (
			);
			name = "[CP] Copy Pods Resources";
			outputPaths = (
			);
			runOnlyForDeploymentPostprocessing = 0;
			shellPath = /bin/sh;
			shellScript = "\"${SRCROOT}/Pods/Target Support Files/Pods-EtsyTools/Pods-EtsyTools-resources.sh\"\n";
			showEnvVarsInLog = 0;
		};
/* End PBXShellScriptBuildPhase section */

/* Begin PBXSourcesBuildPhase section */
		40D6BFD81EC94F6600B78643 /* Sources */ = {
			isa = PBXSourcesBuildPhase;
			buildActionMask = 2147483647;
			files = (
				4053D7431EC987FE00FB1DBF /* CurrencyRouter.swift in Sources */,
				4053D7361EC9584800FB1DBF /* Item.swift in Sources */,
				4053D73B1EC9683E00FB1DBF /* String+EncodedString.swift in Sources */,
				4053D7381EC95F5400FB1DBF /* Image.swift in Sources */,
				4053D7301EC9562800FB1DBF /* EtsyApiManager.swift in Sources */,
				4053D73D1EC9746800FB1DBF /* ItemTableViewCell.swift in Sources */,
				4053D7451EC98A1B00FB1DBF /* Currency.swift in Sources */,
				4053D7321EC9573800FB1DBF /* ListingsRouter.swift in Sources */,
				40D6BFE21EC94F6600B78643 /* ViewController.swift in Sources */,
				4053D73F1EC9824400FB1DBF /* UIImageView+imageWithURL.swift in Sources */,
				40D6BFE01EC94F6600B78643 /* AppDelegate.swift in Sources */,
			);
			runOnlyForDeploymentPostprocessing = 0;
		};
/* End PBXSourcesBuildPhase section */

/* Begin PBXVariantGroup section */
		40D6BFE31EC94F6700B78643 /* Main.storyboard */ = {
			isa = PBXVariantGroup;
			children = (
				40D6BFE41EC94F6700B78643 /* Base */,
			);
			name = Main.storyboard;
			sourceTree = "<group>";
		};
		40D6BFE81EC94F6700B78643 /* LaunchScreen.storyboard */ = {
			isa = PBXVariantGroup;
			children = (
				40D6BFE91EC94F6700B78643 /* Base */,
			);
			name = LaunchScreen.storyboard;
			sourceTree = "<group>";
		};
/* End PBXVariantGroup section */

/* Begin XCBuildConfiguration section */
		40D6BFEC1EC94F6700B78643 /* Debug */ = {
			isa = XCBuildConfiguration;
			buildSettings = {
				ALWAYS_SEARCH_USER_PATHS = NO;
				CLANG_ANALYZER_NONNULL = YES;
				CLANG_ANALYZER_NUMBER_OBJECT_CONVERSION = YES_AGGRESSIVE;
				CLANG_CXX_LANGUAGE_STANDARD = "gnu++0x";
				CLANG_CXX_LIBRARY = "libc++";
				CLANG_ENABLE_MODULES = YES;
				CLANG_ENABLE_OBJC_ARC = YES;
				CLANG_WARN_BOOL_CONVERSION = YES;
				CLANG_WARN_CONSTANT_CONVERSION = YES;
				CLANG_WARN_DIRECT_OBJC_ISA_USAGE = YES_ERROR;
				CLANG_WARN_DOCUMENTATION_COMMENTS = YES;
				CLANG_WARN_EMPTY_BODY = YES;
				CLANG_WARN_ENUM_CONVERSION = YES;
				CLANG_WARN_INFINITE_RECURSION = YES;
				CLANG_WARN_INT_CONVERSION = YES;
				CLANG_WARN_OBJC_ROOT_CLASS = YES_ERROR;
				CLANG_WARN_SUSPICIOUS_MOVE = YES;
				CLANG_WARN_UNREACHABLE_CODE = YES;
				CLANG_WARN__DUPLICATE_METHOD_MATCH = YES;
				"CODE_SIGN_IDENTITY[sdk=iphoneos*]" = "iPhone Developer";
				COPY_PHASE_STRIP = NO;
				DEBUG_INFORMATION_FORMAT = dwarf;
				ENABLE_STRICT_OBJC_MSGSEND = YES;
				ENABLE_TESTABILITY = YES;
				GCC_C_LANGUAGE_STANDARD = gnu99;
				GCC_DYNAMIC_NO_PIC = NO;
				GCC_NO_COMMON_BLOCKS = YES;
				GCC_OPTIMIZATION_LEVEL = 0;
				GCC_PREPROCESSOR_DEFINITIONS = (
					"DEBUG=1",
					"$(inherited)",
				);
				GCC_WARN_64_TO_32_BIT_CONVERSION = YES;
				GCC_WARN_ABOUT_RETURN_TYPE = YES_ERROR;
				GCC_WARN_UNDECLARED_SELECTOR = YES;
				GCC_WARN_UNINITIALIZED_AUTOS = YES_AGGRESSIVE;
				GCC_WARN_UNUSED_FUNCTION = YES;
				GCC_WARN_UNUSED_VARIABLE = YES;
				IPHONEOS_DEPLOYMENT_TARGET = 10.3;
				MTL_ENABLE_DEBUG_INFO = YES;
				ONLY_ACTIVE_ARCH = YES;
				SDKROOT = iphoneos;
				SWIFT_ACTIVE_COMPILATION_CONDITIONS = DEBUG;
				SWIFT_OPTIMIZATION_LEVEL = "-Onone";
			};
			name = Debug;
		};
		40D6BFED1EC94F6700B78643 /* Release */ = {
			isa = XCBuildConfiguration;
			buildSettings = {
				ALWAYS_SEARCH_USER_PATHS = NO;
				CLANG_ANALYZER_NONNULL = YES;
				CLANG_ANALYZER_NUMBER_OBJECT_CONVERSION = YES_AGGRESSIVE;
				CLANG_CXX_LANGUAGE_STANDARD = "gnu++0x";
				CLANG_CXX_LIBRARY = "libc++";
				CLANG_ENABLE_MODULES = YES;
				CLANG_ENABLE_OBJC_ARC = YES;
				CLANG_WARN_BOOL_CONVERSION = YES;
				CLANG_WARN_CONSTANT_CONVERSION = YES;
				CLANG_WARN_DIRECT_OBJC_ISA_USAGE = YES_ERROR;
				CLANG_WARN_DOCUMENTATION_COMMENTS = YES;
				CLANG_WARN_EMPTY_BODY = YES;
				CLANG_WARN_ENUM_CONVERSION = YES;
				CLANG_WARN_INFINITE_RECURSION = YES;
				CLANG_WARN_INT_CONVERSION = YES;
				CLANG_WARN_OBJC_ROOT_CLASS = YES_ERROR;
				CLANG_WARN_SUSPICIOUS_MOVE = YES;
				CLANG_WARN_UNREACHABLE_CODE = YES;
				CLANG_WARN__DUPLICATE_METHOD_MATCH = YES;
				"CODE_SIGN_IDENTITY[sdk=iphoneos*]" = "iPhone Developer";
				COPY_PHASE_STRIP = NO;
				DEBUG_INFORMATION_FORMAT = "dwarf-with-dsym";
				ENABLE_NS_ASSERTIONS = NO;
				ENABLE_STRICT_OBJC_MSGSEND = YES;
				GCC_C_LANGUAGE_STANDARD = gnu99;
				GCC_NO_COMMON_BLOCKS = YES;
				GCC_WARN_64_TO_32_BIT_CONVERSION = YES;
				GCC_WARN_ABOUT_RETURN_TYPE = YES_ERROR;
				GCC_WARN_UNDECLARED_SELECTOR = YES;
				GCC_WARN_UNINITIALIZED_AUTOS = YES_AGGRESSIVE;
				GCC_WARN_UNUSED_FUNCTION = YES;
				GCC_WARN_UNUSED_VARIABLE = YES;
				IPHONEOS_DEPLOYMENT_TARGET = 10.3;
				MTL_ENABLE_DEBUG_INFO = NO;
				SDKROOT = iphoneos;
				SWIFT_OPTIMIZATION_LEVEL = "-Owholemodule";
				VALIDATE_PRODUCT = YES;
			};
			name = Release;
		};
		40D6BFEF1EC94F6700B78643 /* Debug */ = {
			isa = XCBuildConfiguration;
			baseConfigurationReference = 8019D67F1DF076B41CA5FE40 /* Pods-EtsyTools.debug.xcconfig */;
			buildSettings = {
				ASSETCATALOG_COMPILER_APPICON_NAME = AppIcon;
				DEVELOPMENT_TEAM = RJSTWC7526;
				INFOPLIST_FILE = EtsyTools/Info.plist;
				LD_RUNPATH_SEARCH_PATHS = "$(inherited) @executable_path/Frameworks";
				PRODUCT_BUNDLE_IDENTIFIER = com.jeffeom.EtsyTools;
				PRODUCT_NAME = "$(TARGET_NAME)";
				SWIFT_VERSION = 3.0;
			};
			name = Debug;
		};
		40D6BFF01EC94F6700B78643 /* Release */ = {
			isa = XCBuildConfiguration;
			baseConfigurationReference = 4EE1B6153E7FBAEE5DD9D5B9 /* Pods-EtsyTools.release.xcconfig */;
			buildSettings = {
				ASSETCATALOG_COMPILER_APPICON_NAME = AppIcon;
				DEVELOPMENT_TEAM = RJSTWC7526;
				INFOPLIST_FILE = EtsyTools/Info.plist;
				LD_RUNPATH_SEARCH_PATHS = "$(inherited) @executable_path/Frameworks";
				PRODUCT_BUNDLE_IDENTIFIER = com.jeffeom.EtsyTools;
				PRODUCT_NAME = "$(TARGET_NAME)";
				SWIFT_VERSION = 3.0;
			};
			name = Release;
		};
/* End XCBuildConfiguration section */

/* Begin XCConfigurationList section */
		40D6BFD71EC94F6600B78643 /* Build configuration list for PBXProject "EtsyTools" */ = {
			isa = XCConfigurationList;
			buildConfigurations = (
				40D6BFEC1EC94F6700B78643 /* Debug */,
				40D6BFED1EC94F6700B78643 /* Release */,
			);
			defaultConfigurationIsVisible = 0;
			defaultConfigurationName = Release;
		};
		40D6BFEE1EC94F6700B78643 /* Build configuration list for PBXNativeTarget "EtsyTools" */ = {
			isa = XCConfigurationList;
			buildConfigurations = (
				40D6BFEF1EC94F6700B78643 /* Debug */,
				40D6BFF01EC94F6700B78643 /* Release */,
			);
			defaultConfigurationIsVisible = 0;
			defaultConfigurationName = Release;
		};
/* End XCConfigurationList section */
	};
	rootObject = 40D6BFD41EC94F6600B78643 /* Project object */;
}
